
Microsoft Visual Studio Solution File, Format Version 12.00
# Visual Studio Version 17
VisualStudioVersion = 17.6.33829.357
MinimumVisualStudioVersion = 10.0.40219.1
Project("{FAE04EC0-301F-11D3-BF4B-00C04F79EFBC}") = "SparkleAir.FrontEnd.Site", "SparkleAir.FrontEnd.Site\SparkleAir.FrontEnd.Site.csproj", "{F24C52E9-0D8F-42AE-9CCD-2257D5D5E44D}"
EndProject
Project("{FAE04EC0-301F-11D3-BF4B-00C04F79EFBC}") = "SparkleAir.FrontEnd.Site.Tests", "SparkleAir.FrontEnd.Site.Tests\SparkleAir.FrontEnd.Site.Tests.csproj", "{599C87AC-AD51-4B11-BF1F-DE45B3BCC335}"
EndProject
Project("{2150E333-8FDC-42A3-9474-1A3956D46DE8}") = "01表現層", "01表現層", "{ACB2B704-824C-4CA9-9832-F057C81E4929}"
EndProject
Project("{2150E333-8FDC-42A3-9474-1A3956D46DE8}") = "02商業邏輯層", "02商業邏輯層", "{96A4DCFE-E034-4759-959D-AEEB89165A96}"
EndProject
Project("{2150E333-8FDC-42A3-9474-1A3956D46DE8}") = "03資料存取層", "03資料存取層", "{ED942FB3-9EF3-4A4E-8F72-3D86BABA07EA}"
EndProject
Project("{2150E333-8FDC-42A3-9474-1A3956D46DE8}") = "04基礎建設層", "04基礎建設層", "{40BE8862-06E8-4F0C-A9F3-F79DF1ABFC54}"
EndProject
Project("{2150E333-8FDC-42A3-9474-1A3956D46DE8}") = "05單元測試", "05單元測試", "{BF7AC95A-E8B7-4152-8331-0EC688C83C1B}"
EndProject
Project("{FAE04EC0-301F-11D3-BF4B-00C04F79EFBC}") = "SparkleAir.BLL.Service", "SparkleAir.BLL.Service\SparkleAir.BLL.Service.csproj", "{C3F49393-96C1-4B8C-B468-717A2F73EF89}"
EndProject
Project("{FAE04EC0-301F-11D3-BF4B-00C04F79EFBC}") = "SparkleAir.IDAL.IRepository", "SparkleAir.IDAL.IRepository\SparkleAir.IDAL.IRepository.csproj", "{73007F85-F88E-4292-AB16-8A5798A9A6FB}"
EndProject
Project("{FAE04EC0-301F-11D3-BF4B-00C04F79EFBC}") = "SparkleAir.Infa.Dto", "SparkleAir.Infa.Dto\SparkleAir.Infa.Dto.csproj", "{2431CAF2-A681-4BB8-9973-3E568F7A7453}"
EndProject
Project("{FAE04EC0-301F-11D3-BF4B-00C04F79EFBC}") = "SparkleAir.Infa.EFModel", "SparkleAir.Infa.EFModel\SparkleAir.Infa.EFModel.csproj", "{A1AD6217-2A9D-4948-AA6F-BF0A12D66712}"
EndProject
Project("{FAE04EC0-301F-11D3-BF4B-00C04F79EFBC}") = "SparkleAir.Infa.Entity", "SparkleAir.Infa.Entity\SparkleAir.Infa.Entity.csproj", "{88FB70A6-7D2C-40D0-A6A6-90CD80D5C422}"
EndProject
Project("{FAE04EC0-301F-11D3-BF4B-00C04F79EFBC}") = "SparkleAir.Infa.Utility", "SparkleAir.Infa.Utility\SparkleAir.Infa.Utility.csproj", "{3B17053D-B105-432E-A867-05A051C94158}"
EndProject
Project("{FAE04EC0-301F-11D3-BF4B-00C04F79EFBC}") = "SparkleAir.DAL.DTORepository", "SparkleAir.DAL.DTORepository\SparkleAir.DAL.DTORepository.csproj", "{559447D2-15A2-4CC2-9155-FD159037ACE8}"
EndProject
Project("{FAE04EC0-301F-11D3-BF4B-00C04F79EFBC}") = "SparkleAir.DAL.DapperRepository", "SparkleAir.DAL.DapperRepository\SparkleAir.DAL.DapperRepository.csproj", "{217749E9-E16E-4906-BAC3-32C1214F451C}"
EndProject
Project("{FAE04EC0-301F-11D3-BF4B-00C04F79EFBC}") = "SparkleAir.DAL.EFRepository", "SparkleAir.DAL.EFRepository\SparkleAir.DAL.EFRepository.csproj", "{0FC6AFBA-5585-43BE-84AC-22DE8BC3DC74}"
EndProject
Project("{2150E333-8FDC-42A3-9474-1A3956D46DE8}") = "方案項目", "方案項目", "{D5C11BFF-CE46-4F27-88D3-B54A06E3CF99}"
	ProjectSection(SolutionItems) = preProject
		ReadMe.txt = ReadMe.txt
	EndProjectSection
EndProject
Project("{FAE04EC0-301F-11D3-BF4B-00C04F79EFBC}") = "SparkleAir.Infa.Criteria", "SparkleAir.Infa.Criteria\SparkleAir.Infa.Criteria.csproj", "{1887F4FA-D97F-432F-B936-B47ECC87A94E}"
EndProject
Project("{FAE04EC0-301F-11D3-BF4B-00C04F79EFBC}") = "SparkleAir.Infa.ViewModel", "SparkleAir.Infa.ViewModel\SparkleAir.Infa.ViewModel.csproj", "{4B7A6ECF-2F6D-449B-83D0-6E08D3E43A40}"
EndProject
Project("{FAE04EC0-301F-11D3-BF4B-00C04F79EFBC}") = "SparkleAir.Web.Api", "SparkleAir.Web.Api\SparkleAir.Web.Api.csproj", "{827D86DA-7B59-44FD-8C04-46D77FFF308A}"
EndProject
Project("{FAE04EC0-301F-11D3-BF4B-00C04F79EFBC}") = "SparkleAir.Web.Api.Tests", "01表現層\SparkleAir.Web.Api.Tests\SparkleAir.Web.Api.Tests.csproj", "{2B9C669E-5286-47DA-941E-E764FB96E830}"
EndProject
Global
	GlobalSection(SolutionConfigurationPlatforms) = preSolution
		Debug|Any CPU = Debug|Any CPU
		Release|Any CPU = Release|Any CPU
	EndGlobalSection
	GlobalSection(ProjectConfigurationPlatforms) = postSolution
		{F24C52E9-0D8F-42AE-9CCD-2257D5D5E44D}.Debug|Any CPU.ActiveCfg = Debug|Any CPU
		{F24C52E9-0D8F-42AE-9CCD-2257D5D5E44D}.Debug|Any CPU.Build.0 = Debug|Any CPU
		{F24C52E9-0D8F-42AE-9CCD-2257D5D5E44D}.Release|Any CPU.ActiveCfg = Release|Any CPU
		{F24C52E9-0D8F-42AE-9CCD-2257D5D5E44D}.Release|Any CPU.Build.0 = Release|Any CPU
		{599C87AC-AD51-4B11-BF1F-DE45B3BCC335}.Debug|Any CPU.ActiveCfg = Debug|Any CPU
		{599C87AC-AD51-4B11-BF1F-DE45B3BCC335}.Debug|Any CPU.Build.0 = Debug|Any CPU
		{599C87AC-AD51-4B11-BF1F-DE45B3BCC335}.Release|Any CPU.ActiveCfg = Release|Any CPU
		{599C87AC-AD51-4B11-BF1F-DE45B3BCC335}.Release|Any CPU.Build.0 = Release|Any CPU
		{C3F49393-96C1-4B8C-B468-717A2F73EF89}.Debug|Any CPU.ActiveCfg = Debug|Any CPU
		{C3F49393-96C1-4B8C-B468-717A2F73EF89}.Debug|Any CPU.Build.0 = Debug|Any CPU
		{C3F49393-96C1-4B8C-B468-717A2F73EF89}.Release|Any CPU.ActiveCfg = Release|Any CPU
		{C3F49393-96C1-4B8C-B468-717A2F73EF89}.Release|Any CPU.Build.0 = Release|Any CPU
		{73007F85-F88E-4292-AB16-8A5798A9A6FB}.Debug|Any CPU.ActiveCfg = Debug|Any CPU
		{73007F85-F88E-4292-AB16-8A5798A9A6FB}.Debug|Any CPU.Build.0 = Debug|Any CPU
		{73007F85-F88E-4292-AB16-8A5798A9A6FB}.Release|Any CPU.ActiveCfg = Release|Any CPU
		{73007F85-F88E-4292-AB16-8A5798A9A6FB}.Release|Any CPU.Build.0 = Release|Any CPU
		{2431CAF2-A681-4BB8-9973-3E568F7A7453}.Debug|Any CPU.ActiveCfg = Debug|Any CPU
		{2431CAF2-A681-4BB8-9973-3E568F7A7453}.Debug|Any CPU.Build.0 = Debug|Any CPU
		{2431CAF2-A681-4BB8-9973-3E568F7A7453}.Release|Any CPU.ActiveCfg = Release|Any CPU
		{2431CAF2-A681-4BB8-9973-3E568F7A7453}.Release|Any CPU.Build.0 = Release|Any CPU
		{A1AD6217-2A9D-4948-AA6F-BF0A12D66712}.Debug|Any CPU.ActiveCfg = Debug|Any CPU
		{A1AD6217-2A9D-4948-AA6F-BF0A12D66712}.Debug|Any CPU.Build.0 = Debug|Any CPU
		{A1AD6217-2A9D-4948-AA6F-BF0A12D66712}.Release|Any CPU.ActiveCfg = Release|Any CPU
		{A1AD6217-2A9D-4948-AA6F-BF0A12D66712}.Release|Any CPU.Build.0 = Release|Any CPU
		{88FB70A6-7D2C-40D0-A6A6-90CD80D5C422}.Debug|Any CPU.ActiveCfg = Debug|Any CPU
		{88FB70A6-7D2C-40D0-A6A6-90CD80D5C422}.Debug|Any CPU.Build.0 = Debug|Any CPU
		{88FB70A6-7D2C-40D0-A6A6-90CD80D5C422}.Release|Any CPU.ActiveCfg = Release|Any CPU
		{88FB70A6-7D2C-40D0-A6A6-90CD80D5C422}.Release|Any CPU.Build.0 = Release|Any CPU
		{3B17053D-B105-432E-A867-05A051C94158}.Debug|Any CPU.ActiveCfg = Debug|Any CPU
		{3B17053D-B105-432E-A867-05A051C94158}.Debug|Any CPU.Build.0 = Debug|Any CPU
		{3B17053D-B105-432E-A867-05A051C94158}.Release|Any CPU.ActiveCfg = Release|Any CPU
		{3B17053D-B105-432E-A867-05A051C94158}.Release|Any CPU.Build.0 = Release|Any CPU
		{559447D2-15A2-4CC2-9155-FD159037ACE8}.Debug|Any CPU.ActiveCfg = Debug|Any CPU
		{559447D2-15A2-4CC2-9155-FD159037ACE8}.Debug|Any CPU.Build.0 = Debug|Any CPU
		{559447D2-15A2-4CC2-9155-FD159037ACE8}.Release|Any CPU.ActiveCfg = Release|Any CPU
		{559447D2-15A2-4CC2-9155-FD159037ACE8}.Release|Any CPU.Build.0 = Release|Any CPU
		{217749E9-E16E-4906-BAC3-32C1214F451C}.Debug|Any CPU.ActiveCfg = Debug|Any CPU
		{217749E9-E16E-4906-BAC3-32C1214F451C}.Debug|Any CPU.Build.0 = Debug|Any CPU
		{217749E9-E16E-4906-BAC3-32C1214F451C}.Release|Any CPU.ActiveCfg = Release|Any CPU
		{217749E9-E16E-4906-BAC3-32C1214F451C}.Release|Any CPU.Build.0 = Release|Any CPU
		{0FC6AFBA-5585-43BE-84AC-22DE8BC3DC74}.Debug|Any CPU.ActiveCfg = Debug|Any CPU
		{0FC6AFBA-5585-43BE-84AC-22DE8BC3DC74}.Debug|Any CPU.Build.0 = Debug|Any CPU
		{0FC6AFBA-5585-43BE-84AC-22DE8BC3DC74}.Release|Any CPU.ActiveCfg = Release|Any CPU
		{0FC6AFBA-5585-43BE-84AC-22DE8BC3DC74}.Release|Any CPU.Build.0 = Release|Any CPU
		{1887F4FA-D97F-432F-B936-B47ECC87A94E}.Debug|Any CPU.ActiveCfg = Debug|Any CPU
		{1887F4FA-D97F-432F-B936-B47ECC87A94E}.Debug|Any CPU.Build.0 = Debug|Any CPU
		{1887F4FA-D97F-432F-B936-B47ECC87A94E}.Release|Any CPU.ActiveCfg = Release|Any CPU
		{1887F4FA-D97F-432F-B936-B47ECC87A94E}.Release|Any CPU.Build.0 = Release|Any CPU
		{4B7A6ECF-2F6D-449B-83D0-6E08D3E43A40}.Debug|Any CPU.ActiveCfg = Debug|Any CPU
		{4B7A6ECF-2F6D-449B-83D0-6E08D3E43A40}.Debug|Any CPU.Build.0 = Debug|Any CPU
		{4B7A6ECF-2F6D-449B-83D0-6E08D3E43A40}.Release|Any CPU.ActiveCfg = Release|Any CPU
		{4B7A6ECF-2F6D-449B-83D0-6E08D3E43A40}.Release|Any CPU.Build.0 = Release|Any CPU
		{827D86DA-7B59-44FD-8C04-46D77FFF308A}.Debug|Any CPU.ActiveCfg = Debug|Any CPU
		{827D86DA-7B59-44FD-8C04-46D77FFF308A}.Debug|Any CPU.Build.0 = Debug|Any CPU
		{827D86DA-7B59-44FD-8C04-46D77FFF308A}.Release|Any CPU.ActiveCfg = Release|Any CPU
		{827D86DA-7B59-44FD-8C04-46D77FFF308A}.Release|Any CPU.Build.0 = Release|Any CPU
		{2B9C669E-5286-47DA-941E-E764FB96E830}.Debug|Any CPU.ActiveCfg = Debug|Any CPU
		{2B9C669E-5286-47DA-941E-E764FB96E830}.Debug|Any CPU.Build.0 = Debug|Any CPU
		{2B9C669E-5286-47DA-941E-E764FB96E830}.Release|Any CPU.ActiveCfg = Release|Any CPU
		{2B9C669E-5286-47DA-941E-E764FB96E830}.Release|Any CPU.Build.0 = Release|Any CPU
	EndGlobalSection
	GlobalSection(SolutionProperties) = preSolution
		HideSolutionNode = FALSE
	EndGlobalSection
	GlobalSection(NestedProjects) = preSolution
		{F24C52E9-0D8F-42AE-9CCD-2257D5D5E44D} = {ACB2B704-824C-4CA9-9832-F057C81E4929}
		{599C87AC-AD51-4B11-BF1F-DE45B3BCC335} = {BF7AC95A-E8B7-4152-8331-0EC688C83C1B}
		{C3F49393-96C1-4B8C-B468-717A2F73EF89} = {96A4DCFE-E034-4759-959D-AEEB89165A96}
		{73007F85-F88E-4292-AB16-8A5798A9A6FB} = {96A4DCFE-E034-4759-959D-AEEB89165A96}
		{2431CAF2-A681-4BB8-9973-3E568F7A7453} = {40BE8862-06E8-4F0C-A9F3-F79DF1ABFC54}
		{A1AD6217-2A9D-4948-AA6F-BF0A12D66712} = {40BE8862-06E8-4F0C-A9F3-F79DF1ABFC54}
		{88FB70A6-7D2C-40D0-A6A6-90CD80D5C422} = {40BE8862-06E8-4F0C-A9F3-F79DF1ABFC54}
		{3B17053D-B105-432E-A867-05A051C94158} = {40BE8862-06E8-4F0C-A9F3-F79DF1ABFC54}
		{559447D2-15A2-4CC2-9155-FD159037ACE8} = {ED942FB3-9EF3-4A4E-8F72-3D86BABA07EA}
		{217749E9-E16E-4906-BAC3-32C1214F451C} = {ED942FB3-9EF3-4A4E-8F72-3D86BABA07EA}
		{0FC6AFBA-5585-43BE-84AC-22DE8BC3DC74} = {ED942FB3-9EF3-4A4E-8F72-3D86BABA07EA}
		{1887F4FA-D97F-432F-B936-B47ECC87A94E} = {40BE8862-06E8-4F0C-A9F3-F79DF1ABFC54}
		{4B7A6ECF-2F6D-449B-83D0-6E08D3E43A40} = {40BE8862-06E8-4F0C-A9F3-F79DF1ABFC54}
		{827D86DA-7B59-44FD-8C04-46D77FFF308A} = {ACB2B704-824C-4CA9-9832-F057C81E4929}
		{2B9C669E-5286-47DA-941E-E764FB96E830} = {BF7AC95A-E8B7-4152-8331-0EC688C83C1B}
	EndGlobalSection
	GlobalSection(ExtensibilityGlobals) = postSolution
		SolutionGuid = {D109B6BD-79CE-4830-9224-E6DBA691A23E}
	EndGlobalSection
EndGlobal
